// !$*UTF8*$!
{
	archiveVersion = 1;
	classes = {
	};
	objectVersion = 46;
	objects = {

/* Begin PBXBuildFile section */
		16ADD8C91E48766B00AB600F /* AppDelegate.swift in Sources */ = {isa = PBXBuildFile; fileRef = 16ADD8C81E48766B00AB600F /* AppDelegate.swift */; };
		16ADD8CB1E48766B00AB600F /* ViewController.swift in Sources */ = {isa = PBXBuildFile; fileRef = 16ADD8CA1E48766B00AB600F /* ViewController.swift */; };
		16ADD8CE1E48766B00AB600F /* Main.storyboard in Resources */ = {isa = PBXBuildFile; fileRef = 16ADD8CC1E48766B00AB600F /* Main.storyboard */; };
		16ADD8D01E48766B00AB600F /* Assets.xcassets in Resources */ = {isa = PBXBuildFile; fileRef = 16ADD8CF1E48766B00AB600F /* Assets.xcassets */; };
		16ADD8D31E48766B00AB600F /* LaunchScreen.storyboard in Resources */ = {isa = PBXBuildFile; fileRef = 16ADD8D11E48766B00AB600F /* LaunchScreen.storyboard */; };
		16ADD8DE1E48766B00AB600F /* FacebookNewsFeedTests.swift in Sources */ = {isa = PBXBuildFile; fileRef = 16ADD8DD1E48766B00AB600F /* FacebookNewsFeedTests.swift */; };
		16ADD8E91E48766B00AB600F /* FacebookNewsFeedUITests.swift in Sources */ = {isa = PBXBuildFile; fileRef = 16ADD8E81E48766B00AB600F /* FacebookNewsFeedUITests.swift */; };
/* End PBXBuildFile section */

/* Begin PBXContainerItemProxy section */
		16ADD8DA1E48766B00AB600F /* PBXContainerItemProxy */ = {
			isa = PBXContainerItemProxy;
			containerPortal = 16ADD8BD1E48766B00AB600F /* Project object */;
			proxyType = 1;
			remoteGlobalIDString = 16ADD8C41E48766B00AB600F;
			remoteInfo = FacebookNewsFeed;
		};
		16ADD8E51E48766B00AB600F /* PBXContainerItemProxy */ = {
			isa = PBXContainerItemProxy;
			containerPortal = 16ADD8BD1E48766B00AB600F /* Project object */;
			proxyType = 1;
			remoteGlobalIDString = 16ADD8C41E48766B00AB600F;
			remoteInfo = FacebookNewsFeed;
		};
/* End PBXContainerItemProxy section */

/* Begin PBXFileReference section */
		16ADD8C51E48766B00AB600F /* FacebookNewsFeed.app */ = {isa = PBXFileReference; explicitFileType = wrapper.application; includeInIndex = 0; path = FacebookNewsFeed.app; sourceTree = BUILT_PRODUCTS_DIR; };
		16ADD8C81E48766B00AB600F /* AppDelegate.swift */ = {isa = PBXFileReference; lastKnownFileType = sourcecode.swift; path = AppDelegate.swift; sourceTree = "<group>"; };
		16ADD8CA1E48766B00AB600F /* ViewController.swift */ = {isa = PBXFileReference; lastKnownFileType = sourcecode.swift; path = ViewController.swift; sourceTree = "<group>"; };
		16ADD8CD1E48766B00AB600F /* Base */ = {isa = PBXFileReference; lastKnownFileType = file.storyboard; name = Base; path = Base.lproj/Main.storyboard; sourceTree = "<group>"; };
		16ADD8CF1E48766B00AB600F /* Assets.xcassets */ = {isa = PBXFileReference; lastKnownFileType = folder.assetcatalog; path = Assets.xcassets; sourceTree = "<group>"; };
		16ADD8D21E48766B00AB600F /* Base */ = {isa = PBXFileReference; lastKnownFileType = file.storyboard; name = Base; path = Base.lproj/LaunchScreen.storyboard; sourceTree = "<group>"; };
		16ADD8D41E48766B00AB600F /* Info.plist */ = {isa = PBXFileReference; lastKnownFileType = text.plist.xml; path = Info.plist; sourceTree = "<group>"; };
		16ADD8D91E48766B00AB600F /* FacebookNewsFeedTests.xctest */ = {isa = PBXFileReference; explicitFileType = wrapper.cfbundle; includeInIndex = 0; path = FacebookNewsFeedTests.xctest; sourceTree = BUILT_PRODUCTS_DIR; };
		16ADD8DD1E48766B00AB600F /* FacebookNewsFeedTests.swift */ = {isa = PBXFileReference; lastKnownFileType = sourcecode.swift; path = FacebookNewsFeedTests.swift; sourceTree = "<group>"; };
		16ADD8DF1E48766B00AB600F /* Info.plist */ = {isa = PBXFileReference; lastKnownFileType = text.plist.xml; path = Info.plist; sourceTree = "<group>"; };
		16ADD8E41E48766B00AB600F /* FacebookNewsFeedUITests.xctest */ = {isa = PBXFileReference; explicitFileType = wrapper.cfbundle; includeInIndex = 0; path = FacebookNewsFeedUITests.xctest; sourceTree = BUILT_PRODUCTS_DIR; };
		16ADD8E81E48766B00AB600F /* FacebookNewsFeedUITests.swift */ = {isa = PBXFileReference; lastKnownFileType = sourcecode.swift; path = FacebookNewsFeedUITests.swift; sourceTree = "<group>"; };
		16ADD8EA1E48766B00AB600F /* Info.plist */ = {isa = PBXFileReference; lastKnownFileType = text.plist.xml; path = Info.plist; sourceTree = "<group>"; };
/* End PBXFileReference section */

/* Begin PBXFrameworksBuildPhase section */
		16ADD8C21E48766B00AB600F /* Frameworks */ = {
			isa = PBXFrameworksBuildPhase;
			buildActionMask = 2147483647;
			files = (
			);
			runOnlyForDeploymentPostprocessing = 0;
		};
		16ADD8D61E48766B00AB600F /* Frameworks */ = {
			isa = PBXFrameworksBuildPhase;
			buildActionMask = 2147483647;
			files = (
			);
			runOnlyForDeploymentPostprocessing = 0;
		};
		16ADD8E11E48766B00AB600F /* Frameworks */ = {
			isa = PBXFrameworksBuildPhase;
			buildActionMask = 2147483647;
			files = (
			);
			runOnlyForDeploymentPostprocessing = 0;
		};
/* End PBXFrameworksBuildPhase section */

/* Begin PBXGroup section */
		16ADD8BC1E48766B00AB600F = {
			isa = PBXGroup;
			children = (
				16ADD8C71E48766B00AB600F /* FacebookNewsFeed */,
				16ADD8DC1E48766B00AB600F /* FacebookNewsFeedTests */,
				16ADD8E71E48766B00AB600F /* FacebookNewsFeedUITests */,
				16ADD8C61E48766B00AB600F /* Products */,
			);
			sourceTree = "<group>";
		};
		16ADD8C61E48766B00AB600F /* Products */ = {
			isa = PBXGroup;
			children = (
				16ADD8C51E48766B00AB600F /* FacebookNewsFeed.app */,
				16ADD8D91E48766B00AB600F /* FacebookNewsFeedTests.xctest */,
				16ADD8E41E48766B00AB600F /* FacebookNewsFeedUITests.xctest */,
			);
			name = Products;
			sourceTree = "<group>";
		};
		16ADD8C71E48766B00AB600F /* FacebookNewsFeed */ = {
			isa = PBXGroup;
			children = (
				16ADD8C81E48766B00AB600F /* AppDelegate.swift */,
				16ADD8CA1E48766B00AB600F /* ViewController.swift */,
				16ADD8CC1E48766B00AB600F /* Main.storyboard */,
				16ADD8CF1E48766B00AB600F /* Assets.xcassets */,
				16ADD8D11E48766B00AB600F /* LaunchScreen.storyboard */,
				16ADD8D41E48766B00AB600F /* Info.plist */,
			);
			path = FacebookNewsFeed;
			sourceTree = "<group>";
		};
		16ADD8DC1E48766B00AB600F /* FacebookNewsFeedTests */ = {
			isa = PBXGroup;
			children = (
				16ADD8DD1E48766B00AB600F /* FacebookNewsFeedTests.swift */,
				16ADD8DF1E48766B00AB600F /* Info.plist */,
			);
			path = FacebookNewsFeedTests;
			sourceTree = "<group>";
		};
		16ADD8E71E48766B00AB600F /* FacebookNewsFeedUITests */ = {
			isa = PBXGroup;
			children = (
				16ADD8E81E48766B00AB600F /* FacebookNewsFeedUITests.swift */,
				16ADD8EA1E48766B00AB600F /* Info.plist */,
			);
			path = FacebookNewsFeedUITests;
			sourceTree = "<group>";
		};
/* End PBXGroup section */

/* Begin PBXNativeTarget section */
		16ADD8C41E48766B00AB600F /* FacebookNewsFeed */ = {
			isa = PBXNativeTarget;
			buildConfigurationList = 16ADD8ED1E48766B00AB600F /* Build configuration list for PBXNativeTarget "FacebookNewsFeed" */;
			buildPhases = (
				16ADD8C11E48766B00AB600F /* Sources */,
				16ADD8C21E48766B00AB600F /* Frameworks */,
				16ADD8C31E48766B00AB600F /* Resources */,
			);
			buildRules = (
			);
			dependencies = (
			);
			name = FacebookNewsFeed;
			productName = FacebookNewsFeed;
			productReference = 16ADD8C51E48766B00AB600F /* FacebookNewsFeed.app */;
			productType = "com.apple.product-type.application";
		};
		16ADD8D81E48766B00AB600F /* FacebookNewsFeedTests */ = {
			isa = PBXNativeTarget;
			buildConfigurationList = 16ADD8F01E48766B00AB600F /* Build configuration list for PBXNativeTarget "FacebookNewsFeedTests" */;
			buildPhases = (
				16ADD8D51E48766B00AB600F /* Sources */,
				16ADD8D61E48766B00AB600F /* Frameworks */,
				16ADD8D71E48766B00AB600F /* Resources */,
			);
			buildRules = (
			);
			dependencies = (
				16ADD8DB1E48766B00AB600F /* PBXTargetDependency */,
			);
			name = FacebookNewsFeedTests;
			productName = FacebookNewsFeedTests;
			productReference = 16ADD8D91E48766B00AB600F /* FacebookNewsFeedTests.xctest */;
			productType = "com.apple.product-type.bundle.unit-test";
		};
		16ADD8E31E48766B00AB600F /* FacebookNewsFeedUITests */ = {
			isa = PBXNativeTarget;
			buildConfigurationList = 16ADD8F31E48766B00AB600F /* Build configuration list for PBXNativeTarget "FacebookNewsFeedUITests" */;
			buildPhases = (
				16ADD8E01E48766B00AB600F /* Sources */,
				16ADD8E11E48766B00AB600F /* Frameworks */,
				16ADD8E21E48766B00AB600F /* Resources */,
			);
			buildRules = (
			);
			dependencies = (
				16ADD8E61E48766B00AB600F /* PBXTargetDependency */,
			);
			name = FacebookNewsFeedUITests;
			productName = FacebookNewsFeedUITests;
			productReference = 16ADD8E41E48766B00AB600F /* FacebookNewsFeedUITests.xctest */;
			productType = "com.apple.product-type.bundle.ui-testing";
		};
/* End PBXNativeTarget section */

/* Begin PBXProject section */
		16ADD8BD1E48766B00AB600F /* Project object */ = {
			isa = PBXProject;
			attributes = {
				LastSwiftUpdateCheck = 0810;
				LastUpgradeCheck = 0810;
				ORGANIZATIONNAME = "Pham Ngoc Hanh";
				TargetAttributes = {
					16ADD8C41E48766B00AB600F = {
						CreatedOnToolsVersion = 8.1;
						ProvisioningStyle = Automatic;
					};
					16ADD8D81E48766B00AB600F = {
						CreatedOnToolsVersion = 8.1;
						ProvisioningStyle = Automatic;
						TestTargetID = 16ADD8C41E48766B00AB600F;
					};
					16ADD8E31E48766B00AB600F = {
						CreatedOnToolsVersion = 8.1;
						ProvisioningStyle = Automatic;
						TestTargetID = 16ADD8C41E48766B00AB600F;
					};
				};
			};
			buildConfigurationList = 16ADD8C01E48766B00AB600F /* Build configuration list for PBXProject "FacebookNewsFeed" */;
			compatibilityVersion = "Xcode 3.2";
			developmentRegion = English;
			hasScannedForEncodings = 0;
			knownRegions = (
				en,
				Base,
			);
			mainGroup = 16ADD8BC1E48766B00AB600F;
			productRefGroup = 16ADD8C61E48766B00AB600F /* Products */;
			projectDirPath = "";
			projectRoot = "";
			targets = (
				16ADD8C41E48766B00AB600F /* FacebookNewsFeed */,
				16ADD8D81E48766B00AB600F /* FacebookNewsFeedTests */,
				16ADD8E31E48766B00AB600F /* FacebookNewsFeedUITests */,
			);
		};
/* End PBXProject section */

/* Begin PBXResourcesBuildPhase section */
		16ADD8C31E48766B00AB600F /* Resources */ = {
			isa = PBXResourcesBuildPhase;
			buildActionMask = 2147483647;
			files = (
				16ADD8D31E48766B00AB600F /* LaunchScreen.storyboard in Resources */,
				16ADD8D01E48766B00AB600F /* Assets.xcassets in Resources */,
				16ADD8CE1E48766B00AB600F /* Main.storyboard in Resources */,
			);
			runOnlyForDeploymentPostprocessing = 0;
		};
		16ADD8D71E48766B00AB600F /* Resources */ = {
			isa = PBXResourcesBuildPhase;
			buildActionMask = 2147483647;
			files = (
			);
			runOnlyForDeploymentPostprocessing = 0;
		};
		16ADD8E21E48766B00AB600F /* Resources */ = {
			isa = PBXResourcesBuildPhase;
			buildActionMask = 2147483647;
			files = (
			);
			runOnlyForDeploymentPostprocessing = 0;
		};
/* End PBXResourcesBuildPhase section */

/* Begin PBXSourcesBuildPhase section */
		16ADD8C11E48766B00AB600F /* Sources */ = {
			isa = PBXSourcesBuildPhase;
			buildActionMask = 2147483647;
			files = (
				16ADD8CB1E48766B00AB600F /* ViewController.swift in Sources */,
				16ADD8C91E48766B00AB600F /* AppDelegate.swift in Sources */,
			);
			runOnlyForDeploymentPostprocessing = 0;
		};
		16ADD8D51E48766B00AB600F /* Sources */ = {
			isa = PBXSourcesBuildPhase;
			buildActionMask = 2147483647;
			files = (
				16ADD8DE1E48766B00AB600F /* FacebookNewsFeedTests.swift in Sources */,
			);
			runOnlyForDeploymentPostprocessing = 0;
		};
		16ADD8E01E48766B00AB600F /* Sources */ = {
			isa = PBXSourcesBuildPhase;
			buildActionMask = 2147483647;
			files = (
				16ADD8E91E48766B00AB600F /* FacebookNewsFeedUITests.swift in Sources */,
			);
			runOnlyForDeploymentPostprocessing = 0;
		};
/* End PBXSourcesBuildPhase section */

/* Begin PBXTargetDependency section */
		16ADD8DB1E48766B00AB600F /* PBXTargetDependency */ = {
			isa = PBXTargetDependency;
			target = 16ADD8C41E48766B00AB600F /* FacebookNewsFeed */;
			targetProxy = 16ADD8DA1E48766B00AB600F /* PBXContainerItemProxy */;
		};
		16ADD8E61E48766B00AB600F /* PBXTargetDependency */ = {
			isa = PBXTargetDependency;
			target = 16ADD8C41E48766B00AB600F /* FacebookNewsFeed */;
			targetProxy = 16ADD8E51E48766B00AB600F /* PBXContainerItemProxy */;
		};
/* End PBXTargetDependency section */

/* Begin PBXVariantGroup section */
		16ADD8CC1E48766B00AB600F /* Main.storyboard */ = {
			isa = PBXVariantGroup;
			children = (
				16ADD8CD1E48766B00AB600F /* Base */,
			);
			name = Main.storyboard;
			sourceTree = "<group>";
		};
		16ADD8D11E48766B00AB600F /* LaunchScreen.storyboard */ = {
			isa = PBXVariantGroup;
			children = (
				16ADD8D21E48766B00AB600F /* Base */,
			);
			name = LaunchScreen.storyboard;
			sourceTree = "<group>";
		};
/* End PBXVariantGroup section */

/* Begin XCBuildConfiguration section */
		16ADD8EB1E48766B00AB600F /* Debug */ = {
			isa = XCBuildConfiguration;
			buildSettings = {
				ALWAYS_SEARCH_USER_PATHS = NO;
				CLANG_ANALYZER_NONNULL = YES;
				CLANG_CXX_LANGUAGE_STANDARD = "gnu++0x";
				CLANG_CXX_LIBRARY = "libc++";
				CLANG_ENABLE_MODULES = YES;
				CLANG_ENABLE_OBJC_ARC = YES;
				CLANG_WARN_BOOL_CONVERSION = YES;
				CLANG_WARN_CONSTANT_CONVERSION = YES;
				CLANG_WARN_DIRECT_OBJC_ISA_USAGE = YES_ERROR;
				CLANG_WARN_DOCUMENTATION_COMMENTS = YES;
				CLANG_WARN_EMPTY_BODY = YES;
				CLANG_WARN_ENUM_CONVERSION = YES;
				CLANG_WARN_INFINITE_RECURSION = YES;
				CLANG_WARN_INT_CONVERSION = YES;
				CLANG_WARN_OBJC_ROOT_CLASS = YES_ERROR;
				CLANG_WARN_SUSPICIOUS_MOVES = YES;
				CLANG_WARN_UNREACHABLE_CODE = YES;
				CLANG_WARN__DUPLICATE_METHOD_MATCH = YES;
				"CODE_SIGN_IDENTITY[sdk=iphoneos*]" = "iPhone Developer";
				COPY_PHASE_STRIP = NO;
				DEBUG_INFORMATION_FORMAT = dwarf;
				ENABLE_STRICT_OBJC_MSGSEND = YES;
				ENABLE_TESTABILITY = YES;
				GCC_C_LANGUAGE_STANDARD = gnu99;
				GCC_DYNAMIC_NO_PIC = NO;
				GCC_NO_COMMON_BLOCKS = YES;
				GCC_OPTIMIZATION_LEVEL = 0;
				GCC_PREPROCESSOR_DEFINITIONS = (
					"DEBUG=1",
					"$(inherited)",
				);
				GCC_WARN_64_TO_32_BIT_CONVERSION = YES;
				GCC_WARN_ABOUT_RETURN_TYPE = YES_ERROR;
				GCC_WARN_UNDECLARED_SELECTOR = YES;
				GCC_WARN_UNINITIALIZED_AUTOS = YES_AGGRESSIVE;
				GCC_WARN_UNUSED_FUNCTION = YES;
				GCC_WARN_UNUSED_VARIABLE = YES;
				IPHONEOS_DEPLOYMENT_TARGET = 10.1;
				MTL_ENABLE_DEBUG_INFO = YES;
				ONLY_ACTIVE_ARCH = YES;
				SDKROOT = iphoneos;
				SWIFT_ACTIVE_COMPILATION_CONDITIONS = DEBUG;
				SWIFT_OPTIMIZATION_LEVEL = "-Onone";
			};
			name = Debug;
		};
		16ADD8EC1E48766B00AB600F /* Release */ = {
			isa = XCBuildConfiguration;
			buildSettings = {
				ALWAYS_SEARCH_USER_PATHS = NO;
				CLANG_ANALYZER_NONNULL = YES;
				CLANG_CXX_LANGUAGE_STANDARD = "gnu++0x";
				CLANG_CXX_LIBRARY = "libc++";
				CLANG_ENABLE_MODULES = YES;
				CLANG_ENABLE_OBJC_ARC = YES;
				CLANG_WARN_BOOL_CONVERSION = YES;
				CLANG_WARN_CONSTANT_CONVERSION = YES;
				CLANG_WARN_DIRECT_OBJC_ISA_USAGE = YES_ERROR;
				CLANG_WARN_DOCUMENTATION_COMMENTS = YES;
				CLANG_WARN_EMPTY_BODY = YES;
				CLANG_WARN_ENUM_CONVERSION = YES;
				CLANG_WARN_INFINITE_RECURSION = YES;
				CLANG_WARN_INT_CONVERSION = YES;
				CLANG_WARN_OBJC_ROOT_CLASS = YES_ERROR;
				CLANG_WARN_SUSPICIOUS_MOVES = YES;
				CLANG_WARN_UNREACHABLE_CODE = YES;
				CLANG_WARN__DUPLICATE_METHOD_MATCH = YES;
				"CODE_SIGN_IDENTITY[sdk=iphoneos*]" = "iPhone Developer";
				COPY_PHASE_STRIP = NO;
				DEBUG_INFORMATION_FORMAT = "dwarf-with-dsym";
				ENABLE_NS_ASSERTIONS = NO;
				ENABLE_STRICT_OBJC_MSGSEND = YES;
				GCC_C_LANGUAGE_STANDARD = gnu99;
				GCC_NO_COMMON_BLOCKS = YES;
				GCC_WARN_64_TO_32_BIT_CONVERSION = YES;
				GCC_WARN_ABOUT_RETURN_TYPE = YES_ERROR;
				GCC_WARN_UNDECLARED_SELECTOR = YES;
				GCC_WARN_UNINITIALIZED_AUTOS = YES_AGGRESSIVE;
				GCC_WARN_UNUSED_FUNCTION = YES;
				GCC_WARN_UNUSED_VARIABLE = YES;
				IPHONEOS_DEPLOYMENT_TARGET = 10.1;
				MTL_ENABLE_DEBUG_INFO = NO;
				SDKROOT = iphoneos;
				SWIFT_OPTIMIZATION_LEVEL = "-Owholemodule";
				VALIDATE_PRODUCT = YES;
			};
			name = Release;
		};
		16ADD8EE1E48766B00AB600F /* Debug */ = {
			isa = XCBuildConfiguration;
			buildSettings = {
				ASSETCATALOG_COMPILER_APPICON_NAME = AppIcon;
				INFOPLIST_FILE = FacebookNewsFeed/Info.plist;
				IPHONEOS_DEPLOYMENT_TARGET = 8.0;
				LD_RUNPATH_SEARCH_PATHS = "$(inherited) @executable_path/Frameworks";
				PRODUCT_BUNDLE_IDENTIFIER = com.pnh.FacebookNewsFeed;
				PRODUCT_NAME = "$(TARGET_NAME)";
				SWIFT_VERSION = 3.0;
			};
			name = Debug;
		};
		16ADD8EF1E48766B00AB600F /* Release */ = {
			isa = XCBuildConfiguration;
			buildSettings = {
				ASSETCATALOG_COMPILER_APPICON_NAME = AppIcon;
				INFOPLIST_FILE = FacebookNewsFeed/Info.plist;
				IPHONEOS_DEPLOYMENT_TARGET = 8.0;
				LD_RUNPATH_SEARCH_PATHS = "$(inherited) @executable_path/Frameworks";
				PRODUCT_BUNDLE_IDENTIFIER = com.pnh.FacebookNewsFeed;
				PRODUCT_NAME = "$(TARGET_NAME)";
				SWIFT_VERSION = 3.0;
			};
			name = Release;
		};
		16ADD8F11E48766B00AB600F /* Debug */ = {
			isa = XCBuildConfiguration;
			buildSettings = {
				ALWAYS_EMBED_SWIFT_STANDARD_LIBRARIES = YES;
				BUNDLE_LOADER = "$(TEST_HOST)";
				INFOPLIST_FILE = FacebookNewsFeedTests/Info.plist;
				LD_RUNPATH_SEARCH_PATHS = "$(inherited) @executable_path/Frameworks @loader_path/Frameworks";
				PRODUCT_BUNDLE_IDENTIFIER = com.pnh.FacebookNewsFeedTests;
				PRODUCT_NAME = "$(TARGET_NAME)";
				SWIFT_VERSION = 3.0;
				TEST_HOST = "$(BUILT_PRODUCTS_DIR)/FacebookNewsFeed.app/FacebookNewsFeed";
			};
			name = Debug;
		};
		16ADD8F21E48766B00AB600F /* Release */ = {
			isa = XCBuildConfiguration;
			buildSettings = {
				ALWAYS_EMBED_SWIFT_STANDARD_LIBRARIES = YES;
				BUNDLE_LOADER = "$(TEST_HOST)";
				INFOPLIST_FILE = FacebookNewsFeedTests/Info.plist;
				LD_RUNPATH_SEARCH_PATHS = "$(inherited) @executable_path/Frameworks @loader_path/Frameworks";
				PRODUCT_BUNDLE_IDENTIFIER = com.pnh.FacebookNewsFeedTests;
				PRODUCT_NAME = "$(TARGET_NAME)";
				SWIFT_VERSION = 3.0;
				TEST_HOST = "$(BUILT_PRODUCTS_DIR)/FacebookNewsFeed.app/FacebookNewsFeed";
			};
			name = Release;
		};
		16ADD8F41E48766B00AB600F /* Debug */ = {
			isa = XCBuildConfiguration;
			buildSettings = {
				ALWAYS_EMBED_SWIFT_STANDARD_LIBRARIES = YES;
				INFOPLIST_FILE = FacebookNewsFeedUITests/Info.plist;
				LD_RUNPATH_SEARCH_PATHS = "$(inherited) @executable_path/Frameworks @loader_path/Frameworks";
				PRODUCT_BUNDLE_IDENTIFIER = com.pnh.FacebookNewsFeedUITests;
				PRODUCT_NAME = "$(TARGET_NAME)";
				SWIFT_VERSION = 3.0;
				TEST_TARGET_NAME = FacebookNewsFeed;
			};
			name = Debug;
		};
		16ADD8F51E48766B00AB600F /* Release */ = {
			isa = XCBuildConfiguration;
			buildSettings = {
				ALWAYS_EMBED_SWIFT_STANDARD_LIBRARIES = YES;
				INFOPLIST_FILE = FacebookNewsFeedUITests/Info.plist;
				LD_RUNPATH_SEARCH_PATHS = "$(inherited) @executable_path/Frameworks @loader_path/Frameworks";
				PRODUCT_BUNDLE_IDENTIFIER = com.pnh.FacebookNewsFeedUITests;
				PRODUCT_NAME = "$(TARGET_NAME)";
				SWIFT_VERSION = 3.0;
				TEST_TARGET_NAME = FacebookNewsFeed;
			};
			name = Release;
		};
/* End XCBuildConfiguration section */

/* Begin XCConfigurationList section */
		16ADD8C01E48766B00AB600F /* Build configuration list for PBXProject "FacebookNewsFeed" */ = {
			isa = XCConfigurationList;
			buildConfigurations = (
				16ADD8EB1E48766B00AB600F /* Debug */,
				16ADD8EC1E48766B00AB600F /* Release */,
			);
			defaultConfigurationIsVisible = 0;
			defaultConfigurationName = Release;
		};
		16ADD8ED1E48766B00AB600F /* Build configuration list for PBXNativeTarget "FacebookNewsFeed" */ = {
			isa = XCConfigurationList;
			buildConfigurations = (
				16ADD8EE1E48766B00AB600F /* Debug */,
				16ADD8EF1E48766B00AB600F /* Release */,
			);
			defaultConfigurationIsVisible = 0;
		};
		16ADD8F01E48766B00AB600F /* Build configuration list for PBXNativeTarget "FacebookNewsFeedTests" */ = {
			isa = XCConfigurationList;
			buildConfigurations = (
				16ADD8F11E48766B00AB600F /* Debug */,
				16ADD8F21E48766B00AB600F /* Release */,
			);
			defaultConfigurationIsVisible = 0;
		};
		16ADD8F31E48766B00AB600F /* Build configuration list for PBXNativeTarget "FacebookNewsFeedUITests" */ = {
			isa = XCConfigurationList;
			buildConfigurations = (
				16ADD8F41E48766B00AB600F /* Debug */,
				16ADD8F51E48766B00AB600F /* Release */,
			);
			defaultConfigurationIsVisible = 0;
		};
/* End XCConfigurationList section */
	};
	rootObject = 16ADD8BD1E48766B00AB600F /* Project object */;
}
